// !$*UTF8*$!
{
	archiveVersion = 1;
	classes = {
	};
	objectVersion = 46;
	objects = {

/* Begin PBXBuildFile section */
		23B6249B15FFA9FA00D1254C /* PlayerViewControllerViewController.m in Sources */ = {isa = PBXBuildFile; fileRef = 23B6249915FFA9F900D1254C /* PlayerViewControllerViewController.m */; };
		23B6249C15FFA9FA00D1254C /* PlayerViewControllerViewController.xib in Resources */ = {isa = PBXBuildFile; fileRef = 23B6249A15FFA9F900D1254C /* PlayerViewControllerViewController.xib */; };
		23B6249E15FFAC6300D1254C /* MediaPlayer.framework in Frameworks */ = {isa = PBXBuildFile; fileRef = 23B6249D15FFAC6300D1254C /* MediaPlayer.framework */; };
		612C7C9715FEAD220001F073 /* UIKit.framework in Frameworks */ = {isa = PBXBuildFile; fileRef = 612C7C9615FEAD220001F073 /* UIKit.framework */; };
		612C7C9915FEAD220001F073 /* Foundation.framework in Frameworks */ = {isa = PBXBuildFile; fileRef = 612C7C9815FEAD220001F073 /* Foundation.framework */; };
		612C7C9B15FEAD220001F073 /* CoreGraphics.framework in Frameworks */ = {isa = PBXBuildFile; fileRef = 612C7C9A15FEAD220001F073 /* CoreGraphics.framework */; };
		612C7CA115FEAD220001F073 /* InfoPlist.strings in Resources */ = {isa = PBXBuildFile; fileRef = 612C7C9F15FEAD220001F073 /* InfoPlist.strings */; };
		612C7CA315FEAD220001F073 /* main.m in Sources */ = {isa = PBXBuildFile; fileRef = 612C7CA215FEAD220001F073 /* main.m */; };
		612C7CA715FEAD220001F073 /* AppDelegate.m in Sources */ = {isa = PBXBuildFile; fileRef = 612C7CA615FEAD220001F073 /* AppDelegate.m */; };
		612C7CAA15FEAD220001F073 /* ViewController.m in Sources */ = {isa = PBXBuildFile; fileRef = 612C7CA915FEAD220001F073 /* ViewController.m */; };
		612C7CAD15FEAD220001F073 /* ViewController_iPhone.xib in Resources */ = {isa = PBXBuildFile; fileRef = 612C7CAB15FEAD220001F073 /* ViewController_iPhone.xib */; };
		612C7CB015FEAD220001F073 /* ViewController_iPad.xib in Resources */ = {isa = PBXBuildFile; fileRef = 612C7CAE15FEAD220001F073 /* ViewController_iPad.xib */; };
		612C7CB715FEAD580001F073 /* AVFoundation.framework in Frameworks */ = {isa = PBXBuildFile; fileRef = 612C7CB615FEAD580001F073 /* AVFoundation.framework */; };
		618705F015FEBBE9004CAA56 /* CoreVideo.framework in Frameworks */ = {isa = PBXBuildFile; fileRef = 618705EF15FEBBE9004CAA56 /* CoreVideo.framework */; };
		618705F215FEBC01004CAA56 /* CoreMedia.framework in Frameworks */ = {isa = PBXBuildFile; fileRef = 618705F115FEBC01004CAA56 /* CoreMedia.framework */; };
		618705F815FEC1DD004CAA56 /* QuartzCore.framework in Frameworks */ = {isa = PBXBuildFile; fileRef = 618705F715FEC1DD004CAA56 /* QuartzCore.framework */; };
		61F6501E1604129400B5F367 /* H264VideoCompressor.m in Sources */ = {isa = PBXBuildFile; fileRef = 61F6501D1604129400B5F367 /* H264VideoCompressor.m */; };
/* End PBXBuildFile section */

/* Begin PBXFileReference section */
		23B6249815FFA9F900D1254C /* PlayerViewControllerViewController.h */ = {isa = PBXFileReference; fileEncoding = 4; lastKnownFileType = sourcecode.c.h; path = PlayerViewControllerViewController.h; sourceTree = "<group>"; };
		23B6249915FFA9F900D1254C /* PlayerViewControllerViewController.m */ = {isa = PBXFileReference; fileEncoding = 4; lastKnownFileType = sourcecode.c.objc; path = PlayerViewControllerViewController.m; sourceTree = "<group>"; };
		23B6249A15FFA9F900D1254C /* PlayerViewControllerViewController.xib */ = {isa = PBXFileReference; fileEncoding = 4; lastKnownFileType = file.xib; path = PlayerViewControllerViewController.xib; sourceTree = "<group>"; };
		23B6249D15FFAC6300D1254C /* MediaPlayer.framework */ = {isa = PBXFileReference; lastKnownFileType = wrapper.framework; name = MediaPlayer.framework; path = System/Library/Frameworks/MediaPlayer.framework; sourceTree = SDKROOT; };
		612C7C9215FEAD220001F073 /* liveshare.app */ = {isa = PBXFileReference; explicitFileType = wrapper.application; includeInIndex = 0; path = liveshare.app; sourceTree = BUILT_PRODUCTS_DIR; };
		612C7C9615FEAD220001F073 /* UIKit.framework */ = {isa = PBXFileReference; lastKnownFileType = wrapper.framework; name = UIKit.framework; path = System/Library/Frameworks/UIKit.framework; sourceTree = SDKROOT; };
		612C7C9815FEAD220001F073 /* Foundation.framework */ = {isa = PBXFileReference; lastKnownFileType = wrapper.framework; name = Foundation.framework; path = System/Library/Frameworks/Foundation.framework; sourceTree = SDKROOT; };
		612C7C9A15FEAD220001F073 /* CoreGraphics.framework */ = {isa = PBXFileReference; lastKnownFileType = wrapper.framework; name = CoreGraphics.framework; path = System/Library/Frameworks/CoreGraphics.framework; sourceTree = SDKROOT; };
		612C7C9E15FEAD220001F073 /* liveshare-Info.plist */ = {isa = PBXFileReference; lastKnownFileType = text.plist.xml; path = "liveshare-Info.plist"; sourceTree = "<group>"; };
		612C7CA015FEAD220001F073 /* en */ = {isa = PBXFileReference; lastKnownFileType = text.plist.strings; name = en; path = en.lproj/InfoPlist.strings; sourceTree = "<group>"; };
		612C7CA215FEAD220001F073 /* main.m */ = {isa = PBXFileReference; lastKnownFileType = sourcecode.c.objc; path = main.m; sourceTree = "<group>"; };
		612C7CA415FEAD220001F073 /* liveshare-Prefix.pch */ = {isa = PBXFileReference; lastKnownFileType = sourcecode.c.h; path = "liveshare-Prefix.pch"; sourceTree = "<group>"; };
		612C7CA515FEAD220001F073 /* AppDelegate.h */ = {isa = PBXFileReference; lastKnownFileType = sourcecode.c.h; path = AppDelegate.h; sourceTree = "<group>"; };
		612C7CA615FEAD220001F073 /* AppDelegate.m */ = {isa = PBXFileReference; lastKnownFileType = sourcecode.c.objc; path = AppDelegate.m; sourceTree = "<group>"; };
		612C7CA815FEAD220001F073 /* ViewController.h */ = {isa = PBXFileReference; lastKnownFileType = sourcecode.c.h; path = ViewController.h; sourceTree = "<group>"; };
		612C7CA915FEAD220001F073 /* ViewController.m */ = {isa = PBXFileReference; lastKnownFileType = sourcecode.c.objc; path = ViewController.m; sourceTree = "<group>"; };
		612C7CAC15FEAD220001F073 /* en */ = {isa = PBXFileReference; lastKnownFileType = file.xib; name = en; path = en.lproj/ViewController_iPhone.xib; sourceTree = "<group>"; };
		612C7CAF15FEAD220001F073 /* en */ = {isa = PBXFileReference; lastKnownFileType = file.xib; name = en; path = en.lproj/ViewController_iPad.xib; sourceTree = "<group>"; };
		612C7CB615FEAD580001F073 /* AVFoundation.framework */ = {isa = PBXFileReference; lastKnownFileType = wrapper.framework; name = AVFoundation.framework; path = System/Library/Frameworks/AVFoundation.framework; sourceTree = SDKROOT; };
		618705EF15FEBBE9004CAA56 /* CoreVideo.framework */ = {isa = PBXFileReference; lastKnownFileType = wrapper.framework; name = CoreVideo.framework; path = System/Library/Frameworks/CoreVideo.framework; sourceTree = SDKROOT; };
		618705F115FEBC01004CAA56 /* CoreMedia.framework */ = {isa = PBXFileReference; lastKnownFileType = wrapper.framework; name = CoreMedia.framework; path = System/Library/Frameworks/CoreMedia.framework; sourceTree = SDKROOT; };
		618705F715FEC1DD004CAA56 /* QuartzCore.framework */ = {isa = PBXFileReference; lastKnownFileType = wrapper.framework; name = QuartzCore.framework; path = System/Library/Frameworks/QuartzCore.framework; sourceTree = SDKROOT; };
		61F6501C1604129400B5F367 /* H264VideoCompressor.h */ = {isa = PBXFileReference; fileEncoding = 4; lastKnownFileType = sourcecode.c.h; path = H264VideoCompressor.h; sourceTree = "<group>"; };
		61F6501D1604129400B5F367 /* H264VideoCompressor.m */ = {isa = PBXFileReference; fileEncoding = 4; lastKnownFileType = sourcecode.c.objc; path = H264VideoCompressor.m; sourceTree = "<group>"; };
/* End PBXFileReference section */

/* Begin PBXFrameworksBuildPhase section */
		612C7C8F15FEAD220001F073 /* Frameworks */ = {
			isa = PBXFrameworksBuildPhase;
			buildActionMask = 2147483647;
			files = (
				23B6249E15FFAC6300D1254C /* MediaPlayer.framework in Frameworks */,
				618705F815FEC1DD004CAA56 /* QuartzCore.framework in Frameworks */,
				618705F215FEBC01004CAA56 /* CoreMedia.framework in Frameworks */,
				618705F015FEBBE9004CAA56 /* CoreVideo.framework in Frameworks */,
				612C7CB715FEAD580001F073 /* AVFoundation.framework in Frameworks */,
				612C7C9715FEAD220001F073 /* UIKit.framework in Frameworks */,
				612C7C9915FEAD220001F073 /* Foundation.framework in Frameworks */,
				612C7C9B15FEAD220001F073 /* CoreGraphics.framework in Frameworks */,
			);
			runOnlyForDeploymentPostprocessing = 0;
		};
/* End PBXFrameworksBuildPhase section */

/* Begin PBXGroup section */
		612C7C8715FEAD220001F073 = {
			isa = PBXGroup;
			children = (
				612C7C9C15FEAD220001F073 /* liveshare */,
				612C7C9515FEAD220001F073 /* Frameworks */,
				612C7C9315FEAD220001F073 /* Products */,
			);
			sourceTree = "<group>";
		};
		612C7C9315FEAD220001F073 /* Products */ = {
			isa = PBXGroup;
			children = (
				612C7C9215FEAD220001F073 /* liveshare.app */,
			);
			name = Products;
			sourceTree = "<group>";
		};
		612C7C9515FEAD220001F073 /* Frameworks */ = {
			isa = PBXGroup;
			children = (
				23B6249D15FFAC6300D1254C /* MediaPlayer.framework */,
				618705F715FEC1DD004CAA56 /* QuartzCore.framework */,
				618705F115FEBC01004CAA56 /* CoreMedia.framework */,
				618705EF15FEBBE9004CAA56 /* CoreVideo.framework */,
				612C7CB615FEAD580001F073 /* AVFoundation.framework */,
				612C7C9615FEAD220001F073 /* UIKit.framework */,
				612C7C9815FEAD220001F073 /* Foundation.framework */,
				612C7C9A15FEAD220001F073 /* CoreGraphics.framework */,
			);
			name = Frameworks;
			sourceTree = "<group>";
		};
		612C7C9C15FEAD220001F073 /* liveshare */ = {
			isa = PBXGroup;
			children = (
				61F6501A1604125E00B5F367 /* Controllers */,
				61F6501B1604128000B5F367 /* Library */,
				612C7C9D15FEAD220001F073 /* Supporting Files */,
			);
			path = liveshare;
			sourceTree = "<group>";
		};
		612C7C9D15FEAD220001F073 /* Supporting Files */ = {
			isa = PBXGroup;
			children = (
				612C7C9E15FEAD220001F073 /* liveshare-Info.plist */,
				612C7C9F15FEAD220001F073 /* InfoPlist.strings */,
				612C7CA215FEAD220001F073 /* main.m */,
				612C7CA415FEAD220001F073 /* liveshare-Prefix.pch */,
			);
			name = "Supporting Files";
			sourceTree = "<group>";
		};
		61F6501A1604125E00B5F367 /* Controllers */ = {
			isa = PBXGroup;
			children = (
				612C7CA515FEAD220001F073 /* AppDelegate.h */,
				612C7CA615FEAD220001F073 /* AppDelegate.m */,
				612C7CA815FEAD220001F073 /* ViewController.h */,
				612C7CA915FEAD220001F073 /* ViewController.m */,
				612C7CAB15FEAD220001F073 /* ViewController_iPhone.xib */,
				612C7CAE15FEAD220001F073 /* ViewController_iPad.xib */,
				23B6249815FFA9F900D1254C /* PlayerViewControllerViewController.h */,
				23B6249915FFA9F900D1254C /* PlayerViewControllerViewController.m */,
				23B6249A15FFA9F900D1254C /* PlayerViewControllerViewController.xib */,
			);
			name = Controllers;
			sourceTree = "<group>";
		};
		61F6501B1604128000B5F367 /* Library */ = {
			isa = PBXGroup;
			children = (
				61F6501C1604129400B5F367 /* H264VideoCompressor.h */,
				61F6501D1604129400B5F367 /* H264VideoCompressor.m */,
			);
			name = Library;
			sourceTree = "<group>";
		};
/* End PBXGroup section */

/* Begin PBXNativeTarget section */
		612C7C9115FEAD220001F073 /* liveshare */ = {
			isa = PBXNativeTarget;
			buildConfigurationList = 612C7CB315FEAD220001F073 /* Build configuration list for PBXNativeTarget "liveshare" */;
			buildPhases = (
				612C7C8E15FEAD220001F073 /* Sources */,
				612C7C8F15FEAD220001F073 /* Frameworks */,
				612C7C9015FEAD220001F073 /* Resources */,
			);
			buildRules = (
			);
			dependencies = (
			);
			name = liveshare;
			productName = liveshare;
			productReference = 612C7C9215FEAD220001F073 /* liveshare.app */;
			productType = "com.apple.product-type.application";
		};
/* End PBXNativeTarget section */

/* Begin PBXProject section */
		612C7C8915FEAD220001F073 /* Project object */ = {
			isa = PBXProject;
			attributes = {
				LastUpgradeCheck = 0430;
			};
			buildConfigurationList = 612C7C8C15FEAD220001F073 /* Build configuration list for PBXProject "liveshare" */;
			compatibilityVersion = "Xcode 3.2";
			developmentRegion = English;
			hasScannedForEncodings = 0;
			knownRegions = (
				en,
			);
			mainGroup = 612C7C8715FEAD220001F073;
			productRefGroup = 612C7C9315FEAD220001F073 /* Products */;
			projectDirPath = "";
			projectRoot = "";
			targets = (
				612C7C9115FEAD220001F073 /* liveshare */,
			);
		};
/* End PBXProject section */

/* Begin PBXResourcesBuildPhase section */
		612C7C9015FEAD220001F073 /* Resources */ = {
			isa = PBXResourcesBuildPhase;
			buildActionMask = 2147483647;
			files = (
				612C7CA115FEAD220001F073 /* InfoPlist.strings in Resources */,
				612C7CAD15FEAD220001F073 /* ViewController_iPhone.xib in Resources */,
				612C7CB015FEAD220001F073 /* ViewController_iPad.xib in Resources */,
				23B6249C15FFA9FA00D1254C /* PlayerViewControllerViewController.xib in Resources */,
			);
			runOnlyForDeploymentPostprocessing = 0;
		};
/* End PBXResourcesBuildPhase section */

/* Begin PBXSourcesBuildPhase section */
		612C7C8E15FEAD220001F073 /* Sources */ = {
			isa = PBXSourcesBuildPhase;
			buildActionMask = 2147483647;
			files = (
				612C7CA315FEAD220001F073 /* main.m in Sources */,
				612C7CA715FEAD220001F073 /* AppDelegate.m in Sources */,
				612C7CAA15FEAD220001F073 /* ViewController.m in Sources */,
				23B6249B15FFA9FA00D1254C /* PlayerViewControllerViewController.m in Sources */,
				61F6501E1604129400B5F367 /* H264VideoCompressor.m in Sources */,
			);
			runOnlyForDeploymentPostprocessing = 0;
		};
/* End PBXSourcesBuildPhase section */

/* Begin PBXVariantGroup section */
		612C7C9F15FEAD220001F073 /* InfoPlist.strings */ = {
			isa = PBXVariantGroup;
			children = (
				612C7CA015FEAD220001F073 /* en */,
			);
			name = InfoPlist.strings;
			sourceTree = "<group>";
		};
		612C7CAB15FEAD220001F073 /* ViewController_iPhone.xib */ = {
			isa = PBXVariantGroup;
			children = (
				612C7CAC15FEAD220001F073 /* en */,
			);
			name = ViewController_iPhone.xib;
			sourceTree = "<group>";
		};
		612C7CAE15FEAD220001F073 /* ViewController_iPad.xib */ = {
			isa = PBXVariantGroup;
			children = (
				612C7CAF15FEAD220001F073 /* en */,
			);
			name = ViewController_iPad.xib;
			sourceTree = "<group>";
		};
/* End PBXVariantGroup section */

/* Begin XCBuildConfiguration section */
		612C7CB115FEAD220001F073 /* Debug */ = {
			isa = XCBuildConfiguration;
			buildSettings = {
				ALWAYS_SEARCH_USER_PATHS = NO;
				ARCHS = "$(ARCHS_STANDARD_32_BIT)";
				CLANG_ENABLE_OBJC_ARC = YES;
				"CODE_SIGN_IDENTITY[sdk=iphoneos*]" = "iPhone Developer";
				COPY_PHASE_STRIP = NO;
				GCC_C_LANGUAGE_STANDARD = gnu99;
				GCC_DYNAMIC_NO_PIC = NO;
				GCC_OPTIMIZATION_LEVEL = 0;
				GCC_PREPROCESSOR_DEFINITIONS = (
					"DEBUG=1",
					"$(inherited)",
				);
				GCC_SYMBOLS_PRIVATE_EXTERN = NO;
				GCC_VERSION = com.apple.compilers.llvm.clang.1_0;
				GCC_WARN_ABOUT_RETURN_TYPE = YES;
				GCC_WARN_UNINITIALIZED_AUTOS = YES;
				GCC_WARN_UNUSED_VARIABLE = YES;
				IPHONEOS_DEPLOYMENT_TARGET = 5.1;
				SDKROOT = iphoneos;
				TARGETED_DEVICE_FAMILY = "1,2";
			};
			name = Debug;
		};
		612C7CB215FEAD220001F073 /* Release */ = {
			isa = XCBuildConfiguration;
			buildSettings = {
				ALWAYS_SEARCH_USER_PATHS = NO;
				ARCHS = "$(ARCHS_STANDARD_32_BIT)";
				CLANG_ENABLE_OBJC_ARC = YES;
				"CODE_SIGN_IDENTITY[sdk=iphoneos*]" = "iPhone Developer";
				COPY_PHASE_STRIP = YES;
				GCC_C_LANGUAGE_STANDARD = gnu99;
				GCC_VERSION = com.apple.compilers.llvm.clang.1_0;
				GCC_WARN_ABOUT_RETURN_TYPE = YES;
				GCC_WARN_UNINITIALIZED_AUTOS = YES;
				GCC_WARN_UNUSED_VARIABLE = YES;
				IPHONEOS_DEPLOYMENT_TARGET = 5.1;
				OTHER_CFLAGS = "-DNS_BLOCK_ASSERTIONS=1";
				SDKROOT = iphoneos;
				TARGETED_DEVICE_FAMILY = "1,2";
				VALIDATE_PRODUCT = YES;
			};
			name = Release;
		};
		612C7CB415FEAD220001F073 /* Debug */ = {
			isa = XCBuildConfiguration;
			buildSettings = {
				GCC_PRECOMPILE_PREFIX_HEADER = YES;
				GCC_PREFIX_HEADER = "liveshare/liveshare-Prefix.pch";
				INFOPLIST_FILE = "liveshare/liveshare-Info.plist";
				PRODUCT_NAME = "$(TARGET_NAME)";
				WRAPPER_EXTENSION = app;
			};
			name = Debug;
		};
		612C7CB515FEAD220001F073 /* Release */ = {
			isa = XCBuildConfiguration;
			buildSettings = {
				GCC_PRECOMPILE_PREFIX_HEADER = YES;
				GCC_PREFIX_HEADER = "liveshare/liveshare-Prefix.pch";
				INFOPLIST_FILE = "liveshare/liveshare-Info.plist";
				PRODUCT_NAME = "$(TARGET_NAME)";
				WRAPPER_EXTENSION = app;
			};
			name = Release;
		};
/* End XCBuildConfiguration section */

/* Begin XCConfigurationList section */
		612C7C8C15FEAD220001F073 /* Build configuration list for PBXProject "liveshare" */ = {
			isa = XCConfigurationList;
			buildConfigurations = (
				612C7CB115FEAD220001F073 /* Debug */,
				612C7CB215FEAD220001F073 /* Release */,
			);
			defaultConfigurationIsVisible = 0;
			defaultConfigurationName = Release;
		};
		612C7CB315FEAD220001F073 /* Build configuration list for PBXNativeTarget "liveshare" */ = {
			isa = XCConfigurationList;
			buildConfigurations = (
				612C7CB415FEAD220001F073 /* Debug */,
				612C7CB515FEAD220001F073 /* Release */,
			);
			defaultConfigurationIsVisible = 0;
			defaultConfigurationName = Release;
		};
/* End XCConfigurationList section */
	};
	rootObject = 612C7C8915FEAD220001F073 /* Project object */;
}
